{
  "nodes": {
    "flake-utils": {
      "locked": {
        "lastModified": 1644229661,
        "narHash": "sha256-1YdnJAsNy69bpcjuoKdOYQX0YxZBiCYZo4Twxerqv7k=",
        "owner": "numtide",
        "repo": "flake-utils",
        "rev": "3cecb5b042f7f209c56ffd8371b2711a290ec797",
        "type": "github"
      },
      "original": {
        "owner": "numtide",
        "repo": "flake-utils",
        "type": "github"
      }
    },
    "nixpkgs": {
      "locked": {
        "lastModified": 1642160200,
        "narHash": "sha256-5mb1nvh2vWlnKvyJzGNKsL7AQRFk+H5E/Xh83fTzYG4=",
        "owner": "NixOS",
        "repo": "nixpkgs",
        "rev": "e5a50e8f2995ff359a170d52cc40adbcfdd92ba4",
        "type": "github"
      },
      "original": {
        "id": "nixpkgs",
        "type": "indirect"
      }
    },
    "nixpkgs2111": {
      "locked": {
        "lastModified": 1646675913,
        "narHash": "sha256-ZvGf51XpXM7JojKLZ5yI0XLUq8UOFX6AwZ3bhtdcpIo=",
        "owner": "NixOS",
        "repo": "nixpkgs",
        "rev": "9b1c7ba323732ddc85a51850a7f10ecc5269b8e9",
        "type": "github"
      },
      "original": {
        "owner": "NixOS",
        "ref": "nixos-21.11",
        "repo": "nixpkgs",
        "type": "github"
      }
    },
    "root": {
      "inputs": {
        "flake-utils": "flake-utils",
        "nixpkgs": "nixpkgs",
        "nixpkgs2111": "nixpkgs2111"
      }
    }
  },
  "root": "root",
  "version": 7
}
